<?xml version="1.0" encoding="utf-8"?>
<Project ToolsVersion="4.0" xmlns="http://schemas.microsoft.com/developer/msbuild/2003">
  <ItemGroup>
    <ClCompile Include=".\compact_enc_det\compact_enc_det.cc" />
    <ClCompile Include=".\compact_enc_det\compact_enc_det_hint_code.cc" />
    <ClCompile Include=".\util\encodings\encodings.cc" />
    <ClCompile Include=".\util\languages\languages.cc" />
  </ItemGroup>
  <ItemGroup>
  </ItemGroup>
  <ItemGroup>
  </ItemGroup>
  <ItemGroup>
  </ItemGroup>
  <ItemGroup>
    <CustomBuild Include="CMakeLists.txt" />
  </ItemGroup>
  <ItemGroup>
    <Filter Include="Source Files">
      <UniqueIdentifier>{5E491799-FED8-4411-AC39-646CFEB12056}</UniqueIdentifier>
    </Filter>
  </ItemGroup>
  <ItemGroup>
  </ItemGroup>
</Project>